
Microsoft Visual Studio Solution File, Format Version 12.00
# Visual Studio Version 16
VisualStudioVersion = 16.0.31605.320
MinimumVisualStudioVersion = 10.0.40219.1
Project("{A0786B88-2ADB-4C21-ABE8-AA2D79766269}") = "SCinFuse", "SCinFuse.phpproj", "{B7B389B7-A7E6-4BDD-96FF-58DEC23A44DF}"
EndProject
Global
	GlobalSection(SolutionConfigurationPlatforms) = preSolution
		Debug|Any CPU = Debug|Any CPU
		Release|Any CPU = Release|Any CPU
	EndGlobalSection
	GlobalSection(ProjectConfigurationPlatforms) = postSolution
		{B7B389B7-A7E6-4BDD-96FF-58DEC23A44DF}.Debug|Any CPU.ActiveCfg = Debug|Any CPU
		{B7B389B7-A7E6-4BDD-96FF-58DEC23A44DF}.Debug|Any CPU.Build.0 = Debug|Any CPU
		{B7B389B7-A7E6-4BDD-96FF-58DEC23A44DF}.Release|Any CPU.ActiveCfg = Release|Any CPU
		{B7B389B7-A7E6-4BDD-96FF-58DEC23A44DF}.Release|Any CPU.Build.0 = Release|Any CPU
	EndGlobalSection
	GlobalSection(SolutionProperties) = preSolution
		HideSolutionNode = FALSE
	EndGlobalSection
	GlobalSection(ExtensibilityGlobals) = postSolution
		SolutionGuid = {2C9477C8-AF4D-44D1-B77D-D77095FB0491}
	EndGlobalSection
EndGlobal
